{
    "_readme": [
        "This file locks the dependencies of your project to a known state",
        "Read more about it at https://getcomposer.org/doc/01-basic-usage.md#composer-lock-the-lock-file",
        "This file is @generated automatically"
    ],
    "content-hash": "d710c0785979de6286c297f206794216",
    "packages": [
        {
            "name": "govau/uikit",
            "version": "dev-develop",
            "source": {
                "type": "git",
                "url": "https://github.com/govau/uikit.git",
                "reference": "develop"
            },
            "type": "library",
            "time": "2017-03-15 10:15:22"
        }
    ],
    "packages-dev": [],
    "aliases": [],
    "minimum-stability": "stable",
    "stability-flags": {
        "govau/uikit": 20
    },
    "prefer-stable": false,
    "prefer-lowest": false,
    "platform": [],
    "platform-dev": []
}
